
Microsoft Visual Studio Solution File, Format Version 12.00
# Visual Studio Version 16
VisualStudioVersion = 25.0.1706.7
MinimumVisualStudioVersion = 10.0.40219.1
Project("{FAE04EC0-301F-11D3-BF4B-00C04F79EFBC}") = "Dictionaries", "Dictionaries.csproj", "{19FD98B2-D174-43DF-A1F0-EA4BE8E89426}"
EndProject
Global
	GlobalSection(SolutionConfigurationPlatforms) = preSolution
		Debug|Any CPU = Debug|Any CPU
		Release|Any CPU = Release|Any CPU
	EndGlobalSection
	GlobalSection(ProjectConfigurationPlatforms) = postSolution
		{19FD98B2-D174-43DF-A1F0-EA4BE8E89426}.Debug|Any CPU.ActiveCfg = Debug|Any CPU
		{19FD98B2-D174-43DF-A1F0-EA4BE8E89426}.Debug|Any CPU.Build.0 = Debug|Any CPU
		{19FD98B2-D174-43DF-A1F0-EA4BE8E89426}.Release|Any CPU.ActiveCfg = Release|Any CPU
		{19FD98B2-D174-43DF-A1F0-EA4BE8E89426}.Release|Any CPU.Build.0 = Release|Any CPU
	EndGlobalSection
	GlobalSection(SolutionProperties) = preSolution
		HideSolutionNode = FALSE
	EndGlobalSection
	GlobalSection(ExtensibilityGlobals) = postSolution
		SolutionGuid = {C7B3C7EB-4351-45F4-88E1-06DC55637BA3}
	EndGlobalSection
EndGlobal
