
Microsoft Visual Studio Solution File, Format Version 12.00
# Visual Studio Version 16
VisualStudioVersion = 25.0.1706.7
MinimumVisualStudioVersion = 10.0.40219.1
Project("{FAE04EC0-301F-11D3-BF4B-00C04F79EFBC}") = "IfTernatyChallange", "IfTernatyChallange.csproj", "{D9DC38C7-A242-4745-99EF-0ED5F6CE7D84}"
EndProject
Global
	GlobalSection(SolutionConfigurationPlatforms) = preSolution
		Debug|Any CPU = Debug|Any CPU
		Release|Any CPU = Release|Any CPU
	EndGlobalSection
	GlobalSection(ProjectConfigurationPlatforms) = postSolution
		{D9DC38C7-A242-4745-99EF-0ED5F6CE7D84}.Debug|Any CPU.ActiveCfg = Debug|Any CPU
		{D9DC38C7-A242-4745-99EF-0ED5F6CE7D84}.Debug|Any CPU.Build.0 = Debug|Any CPU
		{D9DC38C7-A242-4745-99EF-0ED5F6CE7D84}.Release|Any CPU.ActiveCfg = Release|Any CPU
		{D9DC38C7-A242-4745-99EF-0ED5F6CE7D84}.Release|Any CPU.Build.0 = Release|Any CPU
	EndGlobalSection
	GlobalSection(SolutionProperties) = preSolution
		HideSolutionNode = FALSE
	EndGlobalSection
	GlobalSection(ExtensibilityGlobals) = postSolution
		SolutionGuid = {92E972F0-42C8-4B67-B6B4-747CA91B9867}
	EndGlobalSection
EndGlobal
