
Microsoft Visual Studio Solution File, Format Version 12.00
# Visual Studio Version 16
VisualStudioVersion = 25.0.1706.7
MinimumVisualStudioVersion = 10.0.40219.1
Project("{FAE04EC0-301F-11D3-BF4B-00C04F79EFBC}") = "2DArray_NestedLoops", "2DArray_NestedLoops.csproj", "{F9AFE16D-82B5-466D-ABF9-0654D13396A4}"
EndProject
Global
	GlobalSection(SolutionConfigurationPlatforms) = preSolution
		Debug|Any CPU = Debug|Any CPU
		Release|Any CPU = Release|Any CPU
	EndGlobalSection
	GlobalSection(ProjectConfigurationPlatforms) = postSolution
		{F9AFE16D-82B5-466D-ABF9-0654D13396A4}.Debug|Any CPU.ActiveCfg = Debug|Any CPU
		{F9AFE16D-82B5-466D-ABF9-0654D13396A4}.Debug|Any CPU.Build.0 = Debug|Any CPU
		{F9AFE16D-82B5-466D-ABF9-0654D13396A4}.Release|Any CPU.ActiveCfg = Release|Any CPU
		{F9AFE16D-82B5-466D-ABF9-0654D13396A4}.Release|Any CPU.Build.0 = Release|Any CPU
	EndGlobalSection
	GlobalSection(SolutionProperties) = preSolution
		HideSolutionNode = FALSE
	EndGlobalSection
	GlobalSection(ExtensibilityGlobals) = postSolution
		SolutionGuid = {0EFFA4CF-E0D8-40FC-AA1E-0B3313B94E4B}
	EndGlobalSection
EndGlobal
