
Microsoft Visual Studio Solution File, Format Version 12.00
# Visual Studio Version 16
VisualStudioVersion = 25.0.1706.7
MinimumVisualStudioVersion = 10.0.40219.1
Project("{FAE04EC0-301F-11D3-BF4B-00C04F79EFBC}") = "NestedIfs", "NestedIfs.csproj", "{9BA4252C-8942-4325-8126-565725676DAF}"
EndProject
Global
	GlobalSection(SolutionConfigurationPlatforms) = preSolution
		Debug|Any CPU = Debug|Any CPU
		Release|Any CPU = Release|Any CPU
	EndGlobalSection
	GlobalSection(ProjectConfigurationPlatforms) = postSolution
		{9BA4252C-8942-4325-8126-565725676DAF}.Debug|Any CPU.ActiveCfg = Debug|Any CPU
		{9BA4252C-8942-4325-8126-565725676DAF}.Debug|Any CPU.Build.0 = Debug|Any CPU
		{9BA4252C-8942-4325-8126-565725676DAF}.Release|Any CPU.ActiveCfg = Release|Any CPU
		{9BA4252C-8942-4325-8126-565725676DAF}.Release|Any CPU.Build.0 = Release|Any CPU
	EndGlobalSection
	GlobalSection(SolutionProperties) = preSolution
		HideSolutionNode = FALSE
	EndGlobalSection
	GlobalSection(ExtensibilityGlobals) = postSolution
		SolutionGuid = {44E683F6-F537-46FE-8F53-31F287E97351}
	EndGlobalSection
EndGlobal
